
Microsoft Visual Studio Solution File, Format Version 12.00
# Visual Studio Version 17
VisualStudioVersion = 17.13.35931.197 d17.13
MinimumVisualStudioVersion = 10.0.40219.1
Project("{FAE04EC0-301F-11D3-BF4B-00C04F79EFBC}") = "mf-dev-backend-2025", "mf-dev-backend-2025\mf-dev-backend-2025.csproj", "{ED74D9C8-E0F8-4625-AC7C-0A46E331908D}"
EndProject
Global
	GlobalSection(SolutionConfigurationPlatforms) = preSolution
		Debug|Any CPU = Debug|Any CPU
		Release|Any CPU = Release|Any CPU
	EndGlobalSection
	GlobalSection(ProjectConfigurationPlatforms) = postSolution
		{ED74D9C8-E0F8-4625-AC7C-0A46E331908D}.Debug|Any CPU.ActiveCfg = Debug|Any CPU
		{ED74D9C8-E0F8-4625-AC7C-0A46E331908D}.Debug|Any CPU.Build.0 = Debug|Any CPU
		{ED74D9C8-E0F8-4625-AC7C-0A46E331908D}.Release|Any CPU.ActiveCfg = Release|Any CPU
		{ED74D9C8-E0F8-4625-AC7C-0A46E331908D}.Release|Any CPU.Build.0 = Release|Any CPU
	EndGlobalSection
	GlobalSection(SolutionProperties) = preSolution
		HideSolutionNode = FALSE
	EndGlobalSection
	GlobalSection(ExtensibilityGlobals) = postSolution
		SolutionGuid = {D08A8241-8CB3-44F7-9723-B5CBE1BE0DC3}
	EndGlobalSection
EndGlobal
